{
  "name": "project-tree",
  "version": "1.0.0",
  "lockfileVersion": 3,
  "requires": true,
  "description": "Generate a clean directory tree for any Node.js project",
  "keywords": [
    "tree",
    "directory-tree",
    "cli",
    "nodejs",
    "filesystem"
  ],
  "license": "MIT",
  "packages": {
    "": {
      "name": "project-tree",
      "version": "1.0.0",
      "license": "ISC",
      "bin": {
        "project-tree": "bin/project-tree.js"
      }
    }
  },
  "bin": {
    "project-tree": "./bin/project-tree.js"
  }
}
